// !$*UTF8*$!
{
 archiveVersion = 1;
 objectVersion = 56;
 objects = {
  111111111111111111111111 = { isa = PBXFileReference; fileEncoding = 4; lastKnownFileType = sourcecode.swift; path = AppDelegate.swift; sourceTree = "<group>"; };
  222222222222222222222222 = { isa = PBXFileReference; fileEncoding = 4; lastKnownFileType = sourcecode.swift; path = ViewController.swift; sourceTree = "<group>"; };
  333333333333333333333333 = { isa = PBXFileReference; fileEncoding = 4; lastKnownFileType = file.html; path = index.html; sourceTree = "<group>"; };
  444444444444444444444444 = { isa = PBXFileReference; lastKnownFileType = text.plist.xml; path = Info.plist; sourceTree = "<group>"; };
  555555555555555555555555 = { isa = PBXGroup; children = (111111111111111111111111, 222222222222222222222222, 333333333333333333333333, 444444444444444444444444); name = "DRUMLAB-iPad"; path = "DRUMLAB-iPad"; sourceTree = "<group>"; };
  666666666666666666666666 = { isa = PBXGroup; children = (555555555555555555555555); sourceTree = "<group>"; };
  777777777777777777777777 = { isa = PBXBuildFile; fileRef = 111111111111111111111111; };
  888888888888888888888888 = { isa = PBXBuildFile; fileRef = 222222222222222222222222; };
  999999999999999999999999 = { isa = PBXBuildFile; fileRef = 333333333333333333333333; };
  AAAAAAAABBBBBBBBCCCCCCCC = { isa = PBXResourcesBuildPhase; buildActionMask = 2147483647; files = (999999999999999999999999); runOnlyForDeploymentPostprocessing = 0; };
  BBBBBBBBCCCCCCCCDDDDDDDD = { isa = PBXSourcesBuildPhase; buildActionMask = 2147483647; files = (777777777777777777777777, 888888888888888888888888); runOnlyForDeploymentPostprocessing = 0; };
  CCCCCCCCDDDDDDDDEEEEEEEE = { isa = PBXNativeTarget; buildConfigurationList = DDDDDDDDEEEEEEEEFFFFFFFF; buildPhases = (BBBBBBBBCCCCCCCCDDDDDDDD, AAAAAAAABBBBBBBBCCCCCCCC); buildRules = (); dependencies = (); name = DRUMLAB; productName = DRUMLAB; productType = "com.apple.product-type.application"; };
  DDDDDDDDEEEEEEEEFFFFFFFF = { isa = XCConfigurationList; buildConfigurations = (EEEEEEEEFFFFFFFF00000000, FFFFFFFF0000000011111111); defaultConfigurationIsVisible = 0; defaultConfigurationName = Release; };
  EEEEEEEEFFFFFFFF00000000 = { isa = XCBuildConfiguration; buildSettings = { ALWAYS_SEARCH_USER_PATHS = NO; INFOPLIST_FILE = "DRUMLAB-iPad/Info.plist"; IPHONEOS_DEPLOYMENT_TARGET = 15.0; PRODUCT_BUNDLE_IDENTIFIER = com.drumlab.ipad; PRODUCT_NAME = DRUMLAB; SDKROOT = iphoneos; SWIFT_VERSION = 5.0; TARGETED_DEVICE_FAMILY = 2; }; name = Debug; };
  FFFFFFFF0000000011111111 = { isa = XCBuildConfiguration; buildSettings = { ALWAYS_SEARCH_USER_PATHS = NO; INFOPLIST_FILE = "DRUMLAB-iPad/Info.plist"; IPHONEOS_DEPLOYMENT_TARGET = 15.0; PRODUCT_BUNDLE_IDENTIFIER = com.drumlab.ipad; PRODUCT_NAME = DRUMLAB; SDKROOT = iphoneos; SWIFT_VERSION = 5.0; TARGETED_DEVICE_FAMILY = 2; }; name = Release; };
  000000001111111122222222 = { isa = PBXProject; attributes = { LastUpgradeCheck = 1620; ORGANIZATIONNAME = DRUMLAB; TargetAttributes = { CCCCCCCCDDDDDDDDEEEEEEEE = { CreatedOnToolsVersion = 1620; }; }; }; buildConfigurationList = 333333334444444455555555; compatibilityVersion = "Xcode 14.0"; developmentRegion = en; hasScannedForEncodings = 0; knownRegions = (en, Base); mainGroup = 666666666666666666666666; productRefGroup = 666666666666666666666666; projectDirPath = ""; projectRoot = ""; targets = (CCCCCCCCDDDDDDDDEEEEEEEE); };
  333333334444444455555555 = { isa = XCConfigurationList; buildConfigurations = (444444445555555566666666, 555555556666666677777777); defaultConfigurationIsVisible = 0; defaultConfigurationName = Release; };
  444444445555555566666666 = { isa = XCBuildConfiguration; buildSettings = { }; name = Debug; };
  555555556666666677777777 = { isa = XCBuildConfiguration; buildSettings = { }; name = Release; };
 };
 rootObject = 000000001111111122222222;
}
